{
    
"name": "Frontend",
    
"lockfileVersion": 3,
    
"requires": true,
    
"packages": {
    
    
"": {
    
    
    
"devDependencies": {
    
    
    
    
"@types/swagger-ui": "^3.52.4"
    
    
    
}
    
    
},
    
    
"node_modules/@types/swagger-ui": {
    
    
    
"version": "3.52.4",
    
    
    
"resolved": "https://registry.npmjs.org/@types/swagger-ui/-/swagger-ui-3.52.4.tgz",
    
    
    
"integrity": "sha512-7NV7q8BfupqdQxr26OkM0g0YEPB9uXnKGzXadgcearvI9MoCHt3F72lPTX3fZZIlrr21DC0IK26wcDMZ37oFDA==",
    
    
    
"dev": true,
    
    
    
"license": "MIT"
    
    
}
    
}
}
